<?xml version="1.0" encoding="utf-8"?>
<Project ToolsVersion="4.0" xmlns="http://schemas.microsoft.com/developer/msbuild/2003">
  <ItemGroup>
    <Filter Include="App">
      <UniqueIdentifier>{3426c869-657f-4521-b935-ad934a91138c}</UniqueIdentifier>
    </Filter>
    <Filter Include="GameEngine">
      <UniqueIdentifier>{527c7ed9-e7a3-4c08-8f76-26a9715cd3c2}</UniqueIdentifier>
    </Filter>
    <Filter Include="GameEngine\WindowingSystem">
      <UniqueIdentifier>{6ef48218-609a-41b1-9a38-4f852be62ee0}</UniqueIdentifier>
    </Filter>
    <Filter Include="GameEngine\GraphicsEngine">
      <UniqueIdentifier>{907dc4c6-ea40-4a02-b4a9-b30aca89aabb}</UniqueIdentifier>
    </Filter>
    <Filter Include="GameEngine\GraphicsEngine\SwapChain">
      <UniqueIdentifier>{94d00086-b733-4f12-a27a-7ebda240ad82}</UniqueIdentifier>
    </Filter>
    <Filter Include="GameEngine\GraphicsEngine\DeviceContext">
      <UniqueIdentifier>{25a22ab0-ad7f-4ffd-8452-84b72c4e80fc}</UniqueIdentifier>
    </Filter>
    <Filter Include="GameEngine\GraphicsEngine\VertexBuffer">
      <UniqueIdentifier>{f71e1789-9718-42f3-8e7a-92d694e29673}</UniqueIdentifier>
    </Filter>
    <Filter Include="Shader">
      <UniqueIdentifier>{eadf47df-075f-4126-b934-844cb0221947}</UniqueIdentifier>
    </Filter>
    <Filter Include="GameEngine\GraphicsEngine\VertexShader">
      <UniqueIdentifier>{da674e1a-cee8-4fa7-af2c-3d019fae995d}</UniqueIdentifier>
    </Filter>
    <Filter Include="GameEngine\GraphicsEngine\PixelShader">
      <UniqueIdentifier>{3483c90a-b7f5-4ccc-aae3-88a83aa41994}</UniqueIdentifier>
    </Filter>
    <Filter Include="GameEngine\GraphicsEngine\ConstantBuffer">
      <UniqueIdentifier>{e935541b-57ef-4868-80b3-71728052251b}</UniqueIdentifier>
    </Filter>
    <Filter Include="GameEngine\EngineTime">
      <UniqueIdentifier>{710010a3-0491-454d-abd6-2cf422938916}</UniqueIdentifier>
    </Filter>
    <Filter Include="GameEngine\Math">
      <UniqueIdentifier>{0d8e5aa9-b0ba-4870-97db-93d5936594eb}</UniqueIdentifier>
    </Filter>
    <Filter Include="GameEngine\GraphicsEngine\IndexBuffer">
      <UniqueIdentifier>{81b89c04-33f3-499b-bf85-bd4f697751b2}</UniqueIdentifier>
    </Filter>
    <Filter Include="GameEngine\Primitives">
      <UniqueIdentifier>{b8da0a93-0182-47e0-8dfa-fccb06fad4d0}</UniqueIdentifier>
    </Filter>
    <Filter Include="GameEngine\Primitives\Triangle">
      <UniqueIdentifier>{bb22d17a-6bb3-42d4-9093-3d3072c58ba0}</UniqueIdentifier>
    </Filter>
    <Filter Include="GameEngine\Primitives\Quad">
      <UniqueIdentifier>{24d14ba9-e447-4544-b3bc-32155ecc15b0}</UniqueIdentifier>
    </Filter>
    <Filter Include="GameEngine\GameObject">
      <UniqueIdentifier>{004be4ef-b23f-4b49-a04c-a6b1718ecb14}</UniqueIdentifier>
    </Filter>
    <Filter Include="GameEngine\GameObject\Cube">
      <UniqueIdentifier>{af4277c9-91b7-4971-ada7-b4072369e39d}</UniqueIdentifier>
    </Filter>
    <Filter Include="GameEngine\InputSystem">
      <UniqueIdentifier>{7a5b1f56-9b62-4bc9-8fce-5c78c675ce48}</UniqueIdentifier>
    </Filter>
    <Filter Include="GameEngine\InputSystem\InputListener">
      <UniqueIdentifier>{8314653e-7cfc-4ed0-b594-2972c91c5765}</UniqueIdentifier>
    </Filter>
    <Filter Include="GameEngine\Utilities">
      <UniqueIdentifier>{d85f5e68-3c83-4107-bca4-5156c54277d2}</UniqueIdentifier>
    </Filter>
    <Filter Include="GameEngine\GameObject\Camera">
      <UniqueIdentifier>{7772803b-efbf-4c19-b0c3-27d5281cc34a}</UniqueIdentifier>
    </Filter>
    <Filter Include="GameEngine\GUIElements">
      <UniqueIdentifier>{9ae389fd-424a-4d6e-842f-487c7139b5da}</UniqueIdentifier>
    </Filter>
    <Filter Include="GameEngine\UI">
      <UniqueIdentifier>{89d9e3ed-8fc6-4b01-80fb-88b080d9b385}</UniqueIdentifier>
    </Filter>
    <Filter Include="GameEngine\UI\Screens">
      <UniqueIdentifier>{54dc7eb9-26a0-4001-a843-1bb03adc7d08}</UniqueIdentifier>
    </Filter>
    <Filter Include="GameEngine\GameObject\Plane">
      <UniqueIdentifier>{1bc01dfd-a4bc-431a-9c32-df14399bec36}</UniqueIdentifier>
    </Filter>
    <Filter Include="GameEngine\Components">
      <UniqueIdentifier>{832a71f0-d15b-466a-b708-83b1b67acdc5}</UniqueIdentifier>
    </Filter>
    <Filter Include="GameEngine\Components\ComponentSystems">
      <UniqueIdentifier>{81963f31-c5c8-4c1b-9e5a-542cee3b6266}</UniqueIdentifier>
    </Filter>
    <Filter Include="GameEngine\Textures">
      <UniqueIdentifier>{fd74985a-2a7f-40ee-bdd9-17022b2da676}</UniqueIdentifier>
    </Filter>
    <Filter Include="GameEngine\FileBrowser">
      <UniqueIdentifier>{e2e30c15-b9c9-4344-af09-f4e40930d1bc}</UniqueIdentifier>
    </Filter>
    <Filter Include="GameEngine\EngineStates">
      <UniqueIdentifier>{3fbd1397-e5f0-43d1-b106-77d0b1265454}</UniqueIdentifier>
    </Filter>
  </ItemGroup>
  <ItemGroup>
    <ClCompile Include="main.cpp">
      <Filter>App</Filter>
    </ClCompile>
    <ClCompile Include="AppWindow.cpp">
      <Filter>App</Filter>
    </ClCompile>
    <ClCompile Include="Window.cpp">
      <Filter>GameEngine\WindowingSystem</Filter>
    </ClCompile>
    <ClCompile Include="GraphicsEngine.cpp">
      <Filter>GameEngine\GraphicsEngine</Filter>
    </ClCompile>
    <ClCompile Include="SwapChain.cpp">
      <Filter>GameEngine\GraphicsEngine\SwapChain</Filter>
    </ClCompile>
    <ClCompile Include="DeviceContext.cpp">
      <Filter>GameEngine\GraphicsEngine\DeviceContext</Filter>
    </ClCompile>
    <ClCompile Include="VertexBuffer.cpp">
      <Filter>GameEngine\GraphicsEngine\VertexBuffer</Filter>
    </ClCompile>
    <ClCompile Include="TrianglePrimitive.cpp">
      <Filter>GameEngine\Primitives\Triangle</Filter>
    </ClCompile>
    <ClCompile Include="QuadPrimitive.cpp">
      <Filter>GameEngine\Primitives\Quad</Filter>
    </ClCompile>
    <ClCompile Include="shader.fx">
      <Filter>Shader</Filter>
    </ClCompile>
    <ClCompile Include="VertexShader.cpp">
      <Filter>GameEngine\GraphicsEngine\VertexShader</Filter>
    </ClCompile>
    <ClCompile Include="PixelShader.cpp">
      <Filter>GameEngine\GraphicsEngine\PixelShader</Filter>
    </ClCompile>
    <ClCompile Include="ConstantBuffer.cpp">
      <Filter>GameEngine\GraphicsEngine\ConstantBuffer</Filter>
    </ClCompile>
    <ClCompile Include="EngineTime.cpp">
      <Filter>GameEngine\EngineTime</Filter>
    </ClCompile>
    <ClCompile Include="IndexBuffer.cpp">
      <Filter>GameEngine\GraphicsEngine\IndexBuffer</Filter>
    </ClCompile>
    <ClCompile Include="AGameObject.cpp">
      <Filter>GameEngine\GameObject</Filter>
    </ClCompile>
    <ClCompile Include="Cube.cpp">
      <Filter>GameEngine\GameObject\Cube</Filter>
    </ClCompile>
    <ClCompile Include="InputSystem.cpp">
      <Filter>GameEngine\InputSystem</Filter>
    </ClCompile>
    <ClCompile Include="InputListener.cpp">
      <Filter>GameEngine\InputSystem\InputListener</Filter>
    </ClCompile>
    <ClCompile Include="Point.cpp">
      <Filter>GameEngine\Math</Filter>
    </ClCompile>
    <ClCompile Include="Vector3D.cpp">
      <Filter>GameEngine\Math</Filter>
    </ClCompile>
    <ClCompile Include="Matrix4x4.cpp">
      <Filter>GameEngine\Math</Filter>
    </ClCompile>
    <ClCompile Include="MathUtils.cpp">
      <Filter>GameEngine\Math</Filter>
    </ClCompile>
    <ClCompile Include="Utilities.cpp">
      <Filter>GameEngine\Utilities</Filter>
    </ClCompile>
    <ClCompile Include="Camera.cpp">
      <Filter>GameEngine\GameObject\Camera</Filter>
    </ClCompile>
    <ClCompile Include="SceneCameraHandler.cpp">
      <Filter>GameEngine\GameObject\Camera</Filter>
    </ClCompile>
    <ClCompile Include="GUI\ImGui\imgui.cpp">
      <Filter>GameEngine\GUIElements</Filter>
    </ClCompile>
    <ClCompile Include="GUI\ImGui\imgui_demo.cpp">
      <Filter>GameEngine\GUIElements</Filter>
    </ClCompile>
    <ClCompile Include="GUI\ImGui\imgui_draw.cpp">
      <Filter>GameEngine\GUIElements</Filter>
    </ClCompile>
    <ClCompile Include="GUI\ImGui\backends\imgui_impl_dx11.cpp">
      <Filter>GameEngine\GUIElements</Filter>
    </ClCompile>
    <ClCompile Include="GUI\ImGui\backends\imgui_impl_win32.cpp">
      <Filter>GameEngine\GUIElements</Filter>
    </ClCompile>
    <ClCompile Include="GUI\ImGui\misc\cpp\imgui_stdlib.cpp">
      <Filter>GameEngine\GUIElements</Filter>
    </ClCompile>
    <ClCompile Include="GUI\ImGui\imgui_tables.cpp">
      <Filter>GameEngine\GUIElements</Filter>
    </ClCompile>
    <ClCompile Include="GUI\ImGui\imgui_widgets.cpp">
      <Filter>GameEngine\GUIElements</Filter>
    </ClCompile>
    <ClCompile Include="UINames.cpp">
      <Filter>GameEngine\UI</Filter>
    </ClCompile>
    <ClCompile Include="UIManager.cpp">
      <Filter>GameEngine\UI</Filter>
    </ClCompile>
    <ClCompile Include="AUIScreen.cpp">
      <Filter>GameEngine\UI\Screens</Filter>
    </ClCompile>
    <ClCompile Include="Toolbar.cpp">
      <Filter>GameEngine\UI\Screens</Filter>
    </ClCompile>
    <ClCompile Include="SceneOutliner.cpp">
      <Filter>GameEngine\UI\Screens</Filter>
    </ClCompile>
    <ClCompile Include="InspectorWindow.cpp">
      <Filter>GameEngine\UI\Screens</Filter>
    </ClCompile>
    <ClCompile Include="EngineProfiler.cpp">
      <Filter>GameEngine\UI\Screens</Filter>
    </ClCompile>
    <ClCompile Include="GameObjectManager.cpp">
      <Filter>GameEngine\GameObject</Filter>
    </ClCompile>
    <ClCompile Include="Plane.cpp">
      <Filter>GameEngine\GameObject\Plane</Filter>
    </ClCompile>
    <ClCompile Include="BaseComponentSystem.cpp">
      <Filter>GameEngine\Components\ComponentSystems</Filter>
    </ClCompile>
    <ClCompile Include="PhysicsSystem.cpp">
      <Filter>GameEngine\Components\ComponentSystems</Filter>
    </ClCompile>
    <ClCompile Include="AComponent.cpp">
      <Filter>GameEngine\Components</Filter>
    </ClCompile>
    <ClCompile Include="PhysicsComponent.cpp">
      <Filter>GameEngine\Components</Filter>
    </ClCompile>
    <ClCompile Include="PhysicsCube.cpp">
      <Filter>GameEngine\GameObject\Cube</Filter>
    </ClCompile>
    <ClCompile Include="PhysicsPlane.cpp">
      <Filter>GameEngine\GameObject\Plane</Filter>
    </ClCompile>
    <ClCompile Include="ScenePlayWindow.cpp">
      <Filter>GameEngine\UI\Screens</Filter>
    </ClCompile>
    <ClCompile Include="TexturedCube.cpp">
      <Filter>GameEngine\GameObject\Cube</Filter>
    </ClCompile>
    <ClCompile Include="Vector2D.cpp">
      <Filter>GameEngine\Math</Filter>
    </ClCompile>
    <ClCompile Include="TexturedVertexBuffer.cpp">
      <Filter>GameEngine\GraphicsEngine\VertexBuffer</Filter>
    </ClCompile>
    <ClCompile Include="TextureManager.cpp">
      <Filter>GameEngine\Textures</Filter>
    </ClCompile>
    <ClCompile Include="AResourceManager.cpp">
      <Filter>GameEngine\Textures</Filter>
    </ClCompile>
    <ClCompile Include="Texture.cpp">
      <Filter>GameEngine\Textures</Filter>
    </ClCompile>
    <ClCompile Include="AResource.cpp">
      <Filter>GameEngine\Textures</Filter>
    </ClCompile>
    <ClCompile Include="ShaderLibrary.cpp">
      <Filter>GameEngine\Textures</Filter>
    </ClCompile>
    <ClCompile Include="ObjectRenderer.cpp">
      <Filter>GameEngine\Textures</Filter>
    </ClCompile>
    <ClCompile Include="MaterialScreen.cpp">
      <Filter>GameEngine\UI\Screens</Filter>
    </ClCompile>
    <ClCompile Include="EngineBackend.cpp">
      <Filter>GameEngine\EngineStates</Filter>
    </ClCompile>
  </ItemGroup>
  <ItemGroup>
    <ClInclude Include="AppWindow.h">
      <Filter>App</Filter>
    </ClInclude>
    <ClInclude Include="Window.h">
      <Filter>GameEngine\WindowingSystem</Filter>
    </ClInclude>
    <ClInclude Include="GraphicsEngine.h">
      <Filter>GameEngine\GraphicsEngine</Filter>
    </ClInclude>
    <ClInclude Include="DeviceContext.h">
      <Filter>GameEngine\GraphicsEngine\DeviceContext</Filter>
    </ClInclude>
    <ClInclude Include="SwapChain.h">
      <Filter>GameEngine\GraphicsEngine\SwapChain</Filter>
    </ClInclude>
    <ClInclude Include="VertexBuffer.h">
      <Filter>GameEngine\GraphicsEngine\VertexBuffer</Filter>
    </ClInclude>
    <ClInclude Include="TrianglePrimitive.h">
      <Filter>GameEngine\Primitives\Triangle</Filter>
    </ClInclude>
    <ClInclude Include="QuadPrimitive.h">
      <Filter>GameEngine\Primitives\Quad</Filter>
    </ClInclude>
    <ClInclude Include="VertexShader.h">
      <Filter>GameEngine\GraphicsEngine\VertexShader</Filter>
    </ClInclude>
    <ClInclude Include="PixelShader.h">
      <Filter>GameEngine\GraphicsEngine\PixelShader</Filter>
    </ClInclude>
    <ClInclude Include="ConstantBuffer.h">
      <Filter>GameEngine\GraphicsEngine\ConstantBuffer</Filter>
    </ClInclude>
    <ClInclude Include="EngineTime.h">
      <Filter>GameEngine\EngineTime</Filter>
    </ClInclude>
    <ClInclude Include="Vector3D.h">
      <Filter>GameEngine\Math</Filter>
    </ClInclude>
    <ClInclude Include="Matrix4x4.h">
      <Filter>GameEngine\Math</Filter>
    </ClInclude>
    <ClInclude Include="IndexBuffer.h">
      <Filter>GameEngine\GraphicsEngine\IndexBuffer</Filter>
    </ClInclude>
    <ClInclude Include="AGameObject.h">
      <Filter>GameEngine\GameObject</Filter>
    </ClInclude>
    <ClInclude Include="Cube.h">
      <Filter>GameEngine\GameObject\Cube</Filter>
    </ClInclude>
    <ClInclude Include="InputSystem.h">
      <Filter>GameEngine\InputSystem</Filter>
    </ClInclude>
    <ClInclude Include="InputListener.h">
      <Filter>GameEngine\InputSystem\InputListener</Filter>
    </ClInclude>
    <ClInclude Include="Point.h">
      <Filter>GameEngine\Math</Filter>
    </ClInclude>
    <ClInclude Include="MathUtils.h">
      <Filter>GameEngine\Math</Filter>
    </ClInclude>
    <ClInclude Include="Utilities.h">
      <Filter>GameEngine\Utilities</Filter>
    </ClInclude>
    <ClInclude Include="Vector4D.h">
      <Filter>GameEngine\Math</Filter>
    </ClInclude>
    <ClInclude Include="Camera.h">
      <Filter>GameEngine\GameObject\Camera</Filter>
    </ClInclude>
    <ClInclude Include="SceneCameraHandler.h">
      <Filter>GameEngine\GameObject\Camera</Filter>
    </ClInclude>
    <ClInclude Include="GUI\ImGui\imconfig.h">
      <Filter>GameEngine\GUIElements</Filter>
    </ClInclude>
    <ClInclude Include="GUI\ImGui\imgui.h">
      <Filter>GameEngine\GUIElements</Filter>
    </ClInclude>
    <ClInclude Include="GUI\ImGui\backends\imgui_impl_dx11.h">
      <Filter>GameEngine\GUIElements</Filter>
    </ClInclude>
    <ClInclude Include="GUI\ImGui\backends\imgui_impl_win32.h">
      <Filter>GameEngine\GUIElements</Filter>
    </ClInclude>
    <ClInclude Include="GUI\ImGui\imgui_internal.h">
      <Filter>GameEngine\GUIElements</Filter>
    </ClInclude>
    <ClInclude Include="GUI\ImGui\misc\cpp\imgui_stdlib.h">
      <Filter>GameEngine\GUIElements</Filter>
    </ClInclude>
    <ClInclude Include="GUI\ImGui\imstb_rectpack.h">
      <Filter>GameEngine\GUIElements</Filter>
    </ClInclude>
    <ClInclude Include="GUI\ImGui\imstb_textedit.h">
      <Filter>GameEngine\GUIElements</Filter>
    </ClInclude>
    <ClInclude Include="GUI\ImGui\imstb_truetype.h">
      <Filter>GameEngine\GUIElements</Filter>
    </ClInclude>
    <ClInclude Include="UINames.h">
      <Filter>GameEngine\UI</Filter>
    </ClInclude>
    <ClInclude Include="UIManager.h">
      <Filter>GameEngine\UI</Filter>
    </ClInclude>
    <ClInclude Include="AUIScreen.h">
      <Filter>GameEngine\UI\Screens</Filter>
    </ClInclude>
    <ClInclude Include="Toolbar.h">
      <Filter>GameEngine\UI\Screens</Filter>
    </ClInclude>
    <ClInclude Include="SceneOutliner.h">
      <Filter>GameEngine\UI\Screens</Filter>
    </ClInclude>
    <ClInclude Include="InspectorWindow.h">
      <Filter>GameEngine\UI\Screens</Filter>
    </ClInclude>
    <ClInclude Include="EngineProfiler.h">
      <Filter>GameEngine\UI\Screens</Filter>
    </ClInclude>
    <ClInclude Include="GameObjectManager.h">
      <Filter>GameEngine\GameObject</Filter>
    </ClInclude>
    <ClInclude Include="Plane.h">
      <Filter>GameEngine\GameObject\Plane</Filter>
    </ClInclude>
    <ClInclude Include="BaseComponentSystem.h">
      <Filter>GameEngine\Components\ComponentSystems</Filter>
    </ClInclude>
    <ClInclude Include="PhysicsSystem.h">
      <Filter>GameEngine\Components\ComponentSystems</Filter>
    </ClInclude>
    <ClInclude Include="AComponent.h">
      <Filter>GameEngine\Components</Filter>
    </ClInclude>
    <ClInclude Include="PhysicsComponent.h">
      <Filter>GameEngine\Components</Filter>
    </ClInclude>
    <ClInclude Include="PhysicsCube.h">
      <Filter>GameEngine\GameObject\Cube</Filter>
    </ClInclude>
    <ClInclude Include="PhysicsPlane.h">
      <Filter>GameEngine\GameObject\Plane</Filter>
    </ClInclude>
    <ClInclude Include="ScenePlayWindow.h">
      <Filter>GameEngine\UI\Screens</Filter>
    </ClInclude>
    <ClInclude Include="TexturedCube.h">
      <Filter>GameEngine\GameObject\Cube</Filter>
    </ClInclude>
    <ClInclude Include="Vector2D.h">
      <Filter>GameEngine\Math</Filter>
    </ClInclude>
    <ClInclude Include="TexturedVertexBuffer.h">
      <Filter>GameEngine\GraphicsEngine\VertexBuffer</Filter>
    </ClInclude>
    <ClInclude Include="TextureManager.h">
      <Filter>GameEngine\Textures</Filter>
    </ClInclude>
    <ClInclude Include="AResourceManager.h">
      <Filter>GameEngine\Textures</Filter>
    </ClInclude>
    <ClInclude Include="Texture.h">
      <Filter>GameEngine\Textures</Filter>
    </ClInclude>
    <ClInclude Include="AResource.h">
      <Filter>GameEngine\Textures</Filter>
    </ClInclude>
    <ClInclude Include="ShaderLibrary.h">
      <Filter>GameEngine\Textures</Filter>
    </ClInclude>
    <ClInclude Include="ObjectRenderer.h">
      <Filter>GameEngine\Textures</Filter>
    </ClInclude>
    <ClInclude Include="MaterialScreen.h">
      <Filter>GameEngine\UI\Screens</Filter>
    </ClInclude>
    <ClInclude Include="imfilebrowser.h">
      <Filter>GameEngine\FileBrowser</Filter>
    </ClInclude>
    <ClInclude Include="EngineBackend.h">
      <Filter>GameEngine\EngineStates</Filter>
    </ClInclude>
  </ItemGroup>
  <ItemGroup>
    <FxCompile Include="VertexShader.hlsl">
      <Filter>App</Filter>
    </FxCompile>
    <FxCompile Include="PixelShader.hlsl">
      <Filter>App</Filter>
    </FxCompile>
    <FxCompile Include="TexturedVertexShader.hlsl">
      <Filter>App</Filter>
    </FxCompile>
    <FxCompile Include="TexturedPixelShader.hlsl">
      <Filter>App</Filter>
    </FxCompile>
  </ItemGroup>
</Project>